
Microsoft Visual Studio Solution File, Format Version 12.00
# Visual Studio 15
Project("{FAE04EC0-301F-11D3-BF4B-00C04F79EFBC}") = "UnityEngine.TestRunner", "UnityEngine.TestRunner.csproj", "{1F9C7ED8-E23B-B775-40CF-3ABE5F83AA18}"
EndProject
Project("{FAE04EC0-301F-11D3-BF4B-00C04F79EFBC}") = "UnityEngine.UI", "UnityEngine.UI.csproj", "{5302EFFB-CEA4-A32E-87E3-CC9FCC217418}"
EndProject
Project("{FAE04EC0-301F-11D3-BF4B-00C04F79EFBC}") = "Unity.TextMeshPro", "Unity.TextMeshPro.csproj", "{8FA71AB8-5243-2B5B-8DFF-538369290C82}"
EndProject
Project("{FAE04EC0-301F-11D3-BF4B-00C04F79EFBC}") = "Unity.Timeline", "Unity.Timeline.csproj", "{B0D6FDD0-59C2-580B-90BE-B73E163F0106}"
EndProject
Project("{FAE04EC0-301F-11D3-BF4B-00C04F79EFBC}") = "Assembly-CSharp", "Assembly-CSharp.csproj", "{68BAB50E-A131-2D32-1401-6A1E351BCECC}"
EndProject
Project("{FAE04EC0-301F-11D3-BF4B-00C04F79EFBC}") = "UnityEditor.TestRunner", "UnityEditor.TestRunner.csproj", "{B7650BD3-B7F2-D6BA-FBB0-067B742D0987}"
EndProject
Project("{FAE04EC0-301F-11D3-BF4B-00C04F79EFBC}") = "Unity.TextMeshPro.Editor", "Unity.TextMeshPro.Editor.csproj", "{D943A2EE-9E99-DFA0-898F-23BBEDFC01C5}"
EndProject
Project("{FAE04EC0-301F-11D3-BF4B-00C04F79EFBC}") = "Unity.Timeline.Editor", "Unity.Timeline.Editor.csproj", "{D5548DC0-44CC-2AD5-29C1-DF46C561AE09}"
EndProject
Project("{FAE04EC0-301F-11D3-BF4B-00C04F79EFBC}") = "UnityEditor.UI", "UnityEditor.UI.csproj", "{7EF3C536-8EBB-E279-9BF5-D7FBA2046D93}"
EndProject
Project("{FAE04EC0-301F-11D3-BF4B-00C04F79EFBC}") = "Unity.Rider.Editor", "Unity.Rider.Editor.csproj", "{342873D7-C506-043E-7770-49B53458FCEC}"
EndProject
Project("{FAE04EC0-301F-11D3-BF4B-00C04F79EFBC}") = "Unity.CollabProxy.Editor", "Unity.CollabProxy.Editor.csproj", "{C3EF76E3-985B-DE18-EEDA-B8BAE5466BC2}"
EndProject
Project("{FAE04EC0-301F-11D3-BF4B-00C04F79EFBC}") = "Unity.VSCode.Editor", "Unity.VSCode.Editor.csproj", "{2534F22D-4EAA-3B13-306D-B735ED0690FD}"
EndProject
Project("{FAE04EC0-301F-11D3-BF4B-00C04F79EFBC}") = "Assembly-CSharp.Player", "Assembly-CSharp.Player.csproj", "{6066E543-6188-A440-E372-875A7F02E00F}"
EndProject
Global
	GlobalSection(SolutionConfigurationPlatforms) = preSolution
		Debug|Any CPU = Debug|Any CPU
		Release|Any CPU = Release|Any CPU
	EndGlobalSection
	GlobalSection(ProjectConfigurationPlatforms) = postSolution
		{1F9C7ED8-E23B-B775-40CF-3ABE5F83AA18}.Debug|Any CPU.ActiveCfg = Debug|Any CPU
		{1F9C7ED8-E23B-B775-40CF-3ABE5F83AA18}.Debug|Any CPU.Build.0 = Debug|Any CPU
		{1F9C7ED8-E23B-B775-40CF-3ABE5F83AA18}.Release|Any CPU.ActiveCfg = Release|Any CPU
		{1F9C7ED8-E23B-B775-40CF-3ABE5F83AA18}.Release|Any CPU.Build.0 = Release|Any CPU
		{5302EFFB-CEA4-A32E-87E3-CC9FCC217418}.Debug|Any CPU.ActiveCfg = Debug|Any CPU
		{5302EFFB-CEA4-A32E-87E3-CC9FCC217418}.Debug|Any CPU.Build.0 = Debug|Any CPU
		{5302EFFB-CEA4-A32E-87E3-CC9FCC217418}.Release|Any CPU.ActiveCfg = Release|Any CPU
		{5302EFFB-CEA4-A32E-87E3-CC9FCC217418}.Release|Any CPU.Build.0 = Release|Any CPU
		{8FA71AB8-5243-2B5B-8DFF-538369290C82}.Debug|Any CPU.ActiveCfg = Debug|Any CPU
		{8FA71AB8-5243-2B5B-8DFF-538369290C82}.Debug|Any CPU.Build.0 = Debug|Any CPU
		{8FA71AB8-5243-2B5B-8DFF-538369290C82}.Release|Any CPU.ActiveCfg = Release|Any CPU
		{8FA71AB8-5243-2B5B-8DFF-538369290C82}.Release|Any CPU.Build.0 = Release|Any CPU
		{B0D6FDD0-59C2-580B-90BE-B73E163F0106}.Debug|Any CPU.ActiveCfg = Debug|Any CPU
		{B0D6FDD0-59C2-580B-90BE-B73E163F0106}.Debug|Any CPU.Build.0 = Debug|Any CPU
		{B0D6FDD0-59C2-580B-90BE-B73E163F0106}.Release|Any CPU.ActiveCfg = Release|Any CPU
		{B0D6FDD0-59C2-580B-90BE-B73E163F0106}.Release|Any CPU.Build.0 = Release|Any CPU
		{68BAB50E-A131-2D32-1401-6A1E351BCECC}.Debug|Any CPU.ActiveCfg = Debug|Any CPU
		{68BAB50E-A131-2D32-1401-6A1E351BCECC}.Debug|Any CPU.Build.0 = Debug|Any CPU
		{68BAB50E-A131-2D32-1401-6A1E351BCECC}.Release|Any CPU.ActiveCfg = Release|Any CPU
		{68BAB50E-A131-2D32-1401-6A1E351BCECC}.Release|Any CPU.Build.0 = Release|Any CPU
		{B7650BD3-B7F2-D6BA-FBB0-067B742D0987}.Debug|Any CPU.ActiveCfg = Debug|Any CPU
		{B7650BD3-B7F2-D6BA-FBB0-067B742D0987}.Debug|Any CPU.Build.0 = Debug|Any CPU
		{B7650BD3-B7F2-D6BA-FBB0-067B742D0987}.Release|Any CPU.ActiveCfg = Release|Any CPU
		{B7650BD3-B7F2-D6BA-FBB0-067B742D0987}.Release|Any CPU.Build.0 = Release|Any CPU
		{D943A2EE-9E99-DFA0-898F-23BBEDFC01C5}.Debug|Any CPU.ActiveCfg = Debug|Any CPU
		{D943A2EE-9E99-DFA0-898F-23BBEDFC01C5}.Debug|Any CPU.Build.0 = Debug|Any CPU
		{D943A2EE-9E99-DFA0-898F-23BBEDFC01C5}.Release|Any CPU.ActiveCfg = Release|Any CPU
		{D943A2EE-9E99-DFA0-898F-23BBEDFC01C5}.Release|Any CPU.Build.0 = Release|Any CPU
		{D5548DC0-44CC-2AD5-29C1-DF46C561AE09}.Debug|Any CPU.ActiveCfg = Debug|Any CPU
		{D5548DC0-44CC-2AD5-29C1-DF46C561AE09}.Debug|Any CPU.Build.0 = Debug|Any CPU
		{D5548DC0-44CC-2AD5-29C1-DF46C561AE09}.Release|Any CPU.ActiveCfg = Release|Any CPU
		{D5548DC0-44CC-2AD5-29C1-DF46C561AE09}.Release|Any CPU.Build.0 = Release|Any CPU
		{7EF3C536-8EBB-E279-9BF5-D7FBA2046D93}.Debug|Any CPU.ActiveCfg = Debug|Any CPU
		{7EF3C536-8EBB-E279-9BF5-D7FBA2046D93}.Debug|Any CPU.Build.0 = Debug|Any CPU
		{7EF3C536-8EBB-E279-9BF5-D7FBA2046D93}.Release|Any CPU.ActiveCfg = Release|Any CPU
		{7EF3C536-8EBB-E279-9BF5-D7FBA2046D93}.Release|Any CPU.Build.0 = Release|Any CPU
		{342873D7-C506-043E-7770-49B53458FCEC}.Debug|Any CPU.ActiveCfg = Debug|Any CPU
		{342873D7-C506-043E-7770-49B53458FCEC}.Debug|Any CPU.Build.0 = Debug|Any CPU
		{342873D7-C506-043E-7770-49B53458FCEC}.Release|Any CPU.ActiveCfg = Release|Any CPU
		{342873D7-C506-043E-7770-49B53458FCEC}.Release|Any CPU.Build.0 = Release|Any CPU
		{C3EF76E3-985B-DE18-EEDA-B8BAE5466BC2}.Debug|Any CPU.ActiveCfg = Debug|Any CPU
		{C3EF76E3-985B-DE18-EEDA-B8BAE5466BC2}.Debug|Any CPU.Build.0 = Debug|Any CPU
		{C3EF76E3-985B-DE18-EEDA-B8BAE5466BC2}.Release|Any CPU.ActiveCfg = Release|Any CPU
		{C3EF76E3-985B-DE18-EEDA-B8BAE5466BC2}.Release|Any CPU.Build.0 = Release|Any CPU
		{2534F22D-4EAA-3B13-306D-B735ED0690FD}.Debug|Any CPU.ActiveCfg = Debug|Any CPU
		{2534F22D-4EAA-3B13-306D-B735ED0690FD}.Debug|Any CPU.Build.0 = Debug|Any CPU
		{2534F22D-4EAA-3B13-306D-B735ED0690FD}.Release|Any CPU.ActiveCfg = Release|Any CPU
		{2534F22D-4EAA-3B13-306D-B735ED0690FD}.Release|Any CPU.Build.0 = Release|Any CPU
		{6066E543-6188-A440-E372-875A7F02E00F}.Debug|Any CPU.ActiveCfg = Debug|Any CPU
		{6066E543-6188-A440-E372-875A7F02E00F}.Debug|Any CPU.Build.0 = Debug|Any CPU
		{6066E543-6188-A440-E372-875A7F02E00F}.Release|Any CPU.ActiveCfg = Release|Any CPU
		{6066E543-6188-A440-E372-875A7F02E00F}.Release|Any CPU.Build.0 = Release|Any CPU
	EndGlobalSection
	GlobalSection(SolutionProperties) = preSolution
		HideSolutionNode = FALSE
	EndGlobalSection
EndGlobal
